Microsoft Visual Studio Solution File, Format Version 12.00
# Visual Studio Version 17
VisualStudioVersion = 17.5.2.0
MinimumVisualStudioVersion = 10.0.40219.1
Project("{FAE04EC0-301F-11D3-BF4B-00C04F79EFBC}") = "de1", "de1\de1.csproj", "{D04E63ED-1F29-5699-A2F5-89F051373F06}"
EndProject
Project("{FAE04EC0-301F-11D3-BF4B-00C04F79EFBC}") = "de10", "de10\de10.csproj", "{B07CFEA4-FC07-064A-5E1E-39660D20D762}"
EndProject
Project("{FAE04EC0-301F-11D3-BF4B-00C04F79EFBC}") = "de2", "de2\de2.csproj", "{1BB9AAA9-73DD-CDCF-F9F4-B1CEA5056337}"
EndProject
Project("{FAE04EC0-301F-11D3-BF4B-00C04F79EFBC}") = "de3", "de3\de3.csproj", "{C27880DE-7F3E-C02A-42B7-0E89740DF19F}"
EndProject
Project("{FAE04EC0-301F-11D3-BF4B-00C04F79EFBC}") = "de4", "de4\de4.csproj", "{C2EE044A-8E8A-9C7D-13CA-7780D11DAB2E}"
EndProject
Project("{FAE04EC0-301F-11D3-BF4B-00C04F79EFBC}") = "de5", "de5\de5.csproj", "{CC78C708-E9CD-2868-A893-70BFF3041A6A}"
EndProject
Project("{FAE04EC0-301F-11D3-BF4B-00C04F79EFBC}") = "de6", "de6\de6.csproj", "{5A054A50-9783-CFD7-58FB-FE9304087CDA}"
EndProject
Project("{FAE04EC0-301F-11D3-BF4B-00C04F79EFBC}") = "de7", "de7\de7.csproj", "{C83DABE1-4FCE-AEEA-A56A-4A0176166FF0}"
EndProject
Project("{FAE04EC0-301F-11D3-BF4B-00C04F79EFBC}") = "de8", "de8\de8.csproj", "{3492751A-3914-B20E-7F0B-1419B3785252}"
EndProject
Project("{FAE04EC0-301F-11D3-BF4B-00C04F79EFBC}") = "de9", "de9\de9.csproj", "{BDC52977-FFCF-87E6-8E3B-878C4BF9845C}"
EndProject
Global
	GlobalSection(SolutionConfigurationPlatforms) = preSolution
		Debug|Any CPU = Debug|Any CPU
		Release|Any CPU = Release|Any CPU
	EndGlobalSection
	GlobalSection(ProjectConfigurationPlatforms) = postSolution
		{D04E63ED-1F29-5699-A2F5-89F051373F06}.Debug|Any CPU.ActiveCfg = Debug|Any CPU
		{D04E63ED-1F29-5699-A2F5-89F051373F06}.Debug|Any CPU.Build.0 = Debug|Any CPU
		{D04E63ED-1F29-5699-A2F5-89F051373F06}.Release|Any CPU.ActiveCfg = Release|Any CPU
		{D04E63ED-1F29-5699-A2F5-89F051373F06}.Release|Any CPU.Build.0 = Release|Any CPU
		{B07CFEA4-FC07-064A-5E1E-39660D20D762}.Debug|Any CPU.ActiveCfg = Debug|Any CPU
		{B07CFEA4-FC07-064A-5E1E-39660D20D762}.Debug|Any CPU.Build.0 = Debug|Any CPU
		{B07CFEA4-FC07-064A-5E1E-39660D20D762}.Release|Any CPU.ActiveCfg = Release|Any CPU
		{B07CFEA4-FC07-064A-5E1E-39660D20D762}.Release|Any CPU.Build.0 = Release|Any CPU
		{1BB9AAA9-73DD-CDCF-F9F4-B1CEA5056337}.Debug|Any CPU.ActiveCfg = Debug|Any CPU
		{1BB9AAA9-73DD-CDCF-F9F4-B1CEA5056337}.Debug|Any CPU.Build.0 = Debug|Any CPU
		{1BB9AAA9-73DD-CDCF-F9F4-B1CEA5056337}.Release|Any CPU.ActiveCfg = Release|Any CPU
		{1BB9AAA9-73DD-CDCF-F9F4-B1CEA5056337}.Release|Any CPU.Build.0 = Release|Any CPU
		{C27880DE-7F3E-C02A-42B7-0E89740DF19F}.Debug|Any CPU.ActiveCfg = Debug|Any CPU
		{C27880DE-7F3E-C02A-42B7-0E89740DF19F}.Debug|Any CPU.Build.0 = Debug|Any CPU
		{C27880DE-7F3E-C02A-42B7-0E89740DF19F}.Release|Any CPU.ActiveCfg = Release|Any CPU
		{C27880DE-7F3E-C02A-42B7-0E89740DF19F}.Release|Any CPU.Build.0 = Release|Any CPU
		{C2EE044A-8E8A-9C7D-13CA-7780D11DAB2E}.Debug|Any CPU.ActiveCfg = Debug|Any CPU
		{C2EE044A-8E8A-9C7D-13CA-7780D11DAB2E}.Debug|Any CPU.Build.0 = Debug|Any CPU
		{C2EE044A-8E8A-9C7D-13CA-7780D11DAB2E}.Release|Any CPU.ActiveCfg = Release|Any CPU
		{C2EE044A-8E8A-9C7D-13CA-7780D11DAB2E}.Release|Any CPU.Build.0 = Release|Any CPU
		{CC78C708-E9CD-2868-A893-70BFF3041A6A}.Debug|Any CPU.ActiveCfg = Debug|Any CPU
		{CC78C708-E9CD-2868-A893-70BFF3041A6A}.Debug|Any CPU.Build.0 = Debug|Any CPU
		{CC78C708-E9CD-2868-A893-70BFF3041A6A}.Release|Any CPU.ActiveCfg = Release|Any CPU
		{CC78C708-E9CD-2868-A893-70BFF3041A6A}.Release|Any CPU.Build.0 = Release|Any CPU
		{5A054A50-9783-CFD7-58FB-FE9304087CDA}.Debug|Any CPU.ActiveCfg = Debug|Any CPU
		{5A054A50-9783-CFD7-58FB-FE9304087CDA}.Debug|Any CPU.Build.0 = Debug|Any CPU
		{5A054A50-9783-CFD7-58FB-FE9304087CDA}.Release|Any CPU.ActiveCfg = Release|Any CPU
		{5A054A50-9783-CFD7-58FB-FE9304087CDA}.Release|Any CPU.Build.0 = Release|Any CPU
		{C83DABE1-4FCE-AEEA-A56A-4A0176166FF0}.Debug|Any CPU.ActiveCfg = Debug|Any CPU
		{C83DABE1-4FCE-AEEA-A56A-4A0176166FF0}.Debug|Any CPU.Build.0 = Debug|Any CPU
		{C83DABE1-4FCE-AEEA-A56A-4A0176166FF0}.Release|Any CPU.ActiveCfg = Release|Any CPU
		{C83DABE1-4FCE-AEEA-A56A-4A0176166FF0}.Release|Any CPU.Build.0 = Release|Any CPU
		{3492751A-3914-B20E-7F0B-1419B3785252}.Debug|Any CPU.ActiveCfg = Debug|Any CPU
		{3492751A-3914-B20E-7F0B-1419B3785252}.Debug|Any CPU.Build.0 = Debug|Any CPU
		{3492751A-3914-B20E-7F0B-1419B3785252}.Release|Any CPU.ActiveCfg = Release|Any CPU
		{3492751A-3914-B20E-7F0B-1419B3785252}.Release|Any CPU.Build.0 = Release|Any CPU
		{BDC52977-FFCF-87E6-8E3B-878C4BF9845C}.Debug|Any CPU.ActiveCfg = Debug|Any CPU
		{BDC52977-FFCF-87E6-8E3B-878C4BF9845C}.Debug|Any CPU.Build.0 = Debug|Any CPU
		{BDC52977-FFCF-87E6-8E3B-878C4BF9845C}.Release|Any CPU.ActiveCfg = Release|Any CPU
		{BDC52977-FFCF-87E6-8E3B-878C4BF9845C}.Release|Any CPU.Build.0 = Release|Any CPU
	EndGlobalSection
	GlobalSection(SolutionProperties) = preSolution
		HideSolutionNode = FALSE
	EndGlobalSection
	GlobalSection(ExtensibilityGlobals) = postSolution
		SolutionGuid = {26E0D638-1A1F-4280-B070-8DA44BDAD209}
	EndGlobalSection
EndGlobal
